
Microsoft Visual Studio Solution File, Format Version 12.00
# Visual Studio Version 17
VisualStudioVersion = 17.14.36804.6
MinimumVisualStudioVersion = 10.0.40219.1
Project("{FAE04EC0-301F-11D3-BF4B-00C04F79EFBC}") = "MyDbLib.Api.Models", "Source\MyDbLib.Api.Models\MyDbLib.Api.Models.csproj", "{676B9FE2-FE93-4CDF-A0A1-C2CF5E59C2D5}"
EndProject
Project("{FAE04EC0-301F-11D3-BF4B-00C04F79EFBC}") = "MyDbLib.Core", "Source\MyDbLib.Core\MyDbLib.Core.csproj", "{72BEFF55-1913-46E3-BB78-B19CFEE5257F}"
EndProject
Project("{FAE04EC0-301F-11D3-BF4B-00C04F79EFBC}") = "MyDbLib.Providers.MySql", "Source\MyDbLib.Providers.MySql\MyDbLib.Providers.MySql.csproj", "{979C70FD-D415-44A2-95E0-137CB1F59370}"
EndProject
Project("{FAE04EC0-301F-11D3-BF4B-00C04F79EFBC}") = "MyDbLib.Providers.SqlServer", "Source\MyDbLib.Providers.SqlServer\MyDbLib.Providers.SqlServer.csproj", "{5F618C62-7A8F-4421-989D-CCF310166F93}"
EndProject
Project("{2150E333-8FDC-42A3-9474-1A3956D46DE8}") = "Source", "Source", "{02EA681E-C7D8-13C7-8484-4AC65E1B71E8}"
EndProject
Project("{FAE04EC0-301F-11D3-BF4B-00C04F79EFBC}") = "MyDbLib.Api", "Source\MyDbLib.Api\MyDbLib.Api.csproj", "{22D87E99-89D2-4039-B571-A7ED822A8E4E}"
EndProject
Project("{2150E333-8FDC-42A3-9474-1A3956D46DE8}") = "Samples", "Samples", "{5D20AA90-6969-D8BD-9DCD-8634F4692FDA}"
EndProject
Project("{FAE04EC0-301F-11D3-BF4B-00C04F79EFBC}") = "SampleConsumer", "Samples\SampleConsumer\SampleConsumer.csproj", "{C3A99822-367B-A12D-BD3E-104EBF688021}"
EndProject
Project("{2150E333-8FDC-42A3-9474-1A3956D46DE8}") = "Solution Items", "Solution Items", "{8EC462FD-D22E-90A8-E5CE-7E832BA40C5D}"
	ProjectSection(SolutionItems) = preProject
		README.md = README.md
	EndProjectSection
EndProject
Global
	GlobalSection(SolutionConfigurationPlatforms) = preSolution
		Debug|Any CPU = Debug|Any CPU
		Debug|x64 = Debug|x64
		Debug|x86 = Debug|x86
		Release|Any CPU = Release|Any CPU
		Release|x64 = Release|x64
		Release|x86 = Release|x86
	EndGlobalSection
	GlobalSection(ProjectConfigurationPlatforms) = postSolution
		{676B9FE2-FE93-4CDF-A0A1-C2CF5E59C2D5}.Debug|Any CPU.ActiveCfg = Debug|Any CPU
		{676B9FE2-FE93-4CDF-A0A1-C2CF5E59C2D5}.Debug|Any CPU.Build.0 = Debug|Any CPU
		{676B9FE2-FE93-4CDF-A0A1-C2CF5E59C2D5}.Debug|x64.ActiveCfg = Debug|Any CPU
		{676B9FE2-FE93-4CDF-A0A1-C2CF5E59C2D5}.Debug|x64.Build.0 = Debug|Any CPU
		{676B9FE2-FE93-4CDF-A0A1-C2CF5E59C2D5}.Debug|x86.ActiveCfg = Debug|Any CPU
		{676B9FE2-FE93-4CDF-A0A1-C2CF5E59C2D5}.Debug|x86.Build.0 = Debug|Any CPU
		{676B9FE2-FE93-4CDF-A0A1-C2CF5E59C2D5}.Release|Any CPU.ActiveCfg = Release|Any CPU
		{676B9FE2-FE93-4CDF-A0A1-C2CF5E59C2D5}.Release|Any CPU.Build.0 = Release|Any CPU
		{676B9FE2-FE93-4CDF-A0A1-C2CF5E59C2D5}.Release|x64.ActiveCfg = Release|Any CPU
		{676B9FE2-FE93-4CDF-A0A1-C2CF5E59C2D5}.Release|x64.Build.0 = Release|Any CPU
		{676B9FE2-FE93-4CDF-A0A1-C2CF5E59C2D5}.Release|x86.ActiveCfg = Release|Any CPU
		{676B9FE2-FE93-4CDF-A0A1-C2CF5E59C2D5}.Release|x86.Build.0 = Release|Any CPU
		{72BEFF55-1913-46E3-BB78-B19CFEE5257F}.Debug|Any CPU.ActiveCfg = Debug|Any CPU
		{72BEFF55-1913-46E3-BB78-B19CFEE5257F}.Debug|Any CPU.Build.0 = Debug|Any CPU
		{72BEFF55-1913-46E3-BB78-B19CFEE5257F}.Debug|x64.ActiveCfg = Debug|Any CPU
		{72BEFF55-1913-46E3-BB78-B19CFEE5257F}.Debug|x64.Build.0 = Debug|Any CPU
		{72BEFF55-1913-46E3-BB78-B19CFEE5257F}.Debug|x86.ActiveCfg = Debug|Any CPU
		{72BEFF55-1913-46E3-BB78-B19CFEE5257F}.Debug|x86.Build.0 = Debug|Any CPU
		{72BEFF55-1913-46E3-BB78-B19CFEE5257F}.Release|Any CPU.ActiveCfg = Release|Any CPU
		{72BEFF55-1913-46E3-BB78-B19CFEE5257F}.Release|Any CPU.Build.0 = Release|Any CPU
		{72BEFF55-1913-46E3-BB78-B19CFEE5257F}.Release|x64.ActiveCfg = Release|Any CPU
		{72BEFF55-1913-46E3-BB78-B19CFEE5257F}.Release|x64.Build.0 = Release|Any CPU
		{72BEFF55-1913-46E3-BB78-B19CFEE5257F}.Release|x86.ActiveCfg = Release|Any CPU
		{72BEFF55-1913-46E3-BB78-B19CFEE5257F}.Release|x86.Build.0 = Release|Any CPU
		{979C70FD-D415-44A2-95E0-137CB1F59370}.Debug|Any CPU.ActiveCfg = Debug|Any CPU
		{979C70FD-D415-44A2-95E0-137CB1F59370}.Debug|Any CPU.Build.0 = Debug|Any CPU
		{979C70FD-D415-44A2-95E0-137CB1F59370}.Debug|x64.ActiveCfg = Debug|Any CPU
		{979C70FD-D415-44A2-95E0-137CB1F59370}.Debug|x64.Build.0 = Debug|Any CPU
		{979C70FD-D415-44A2-95E0-137CB1F59370}.Debug|x86.ActiveCfg = Debug|Any CPU
		{979C70FD-D415-44A2-95E0-137CB1F59370}.Debug|x86.Build.0 = Debug|Any CPU
		{979C70FD-D415-44A2-95E0-137CB1F59370}.Release|Any CPU.ActiveCfg = Release|Any CPU
		{979C70FD-D415-44A2-95E0-137CB1F59370}.Release|Any CPU.Build.0 = Release|Any CPU
		{979C70FD-D415-44A2-95E0-137CB1F59370}.Release|x64.ActiveCfg = Release|Any CPU
		{979C70FD-D415-44A2-95E0-137CB1F59370}.Release|x64.Build.0 = Release|Any CPU
		{979C70FD-D415-44A2-95E0-137CB1F59370}.Release|x86.ActiveCfg = Release|Any CPU
		{979C70FD-D415-44A2-95E0-137CB1F59370}.Release|x86.Build.0 = Release|Any CPU
		{5F618C62-7A8F-4421-989D-CCF310166F93}.Debug|Any CPU.ActiveCfg = Debug|Any CPU
		{5F618C62-7A8F-4421-989D-CCF310166F93}.Debug|Any CPU.Build.0 = Debug|Any CPU
		{5F618C62-7A8F-4421-989D-CCF310166F93}.Debug|x64.ActiveCfg = Debug|Any CPU
		{5F618C62-7A8F-4421-989D-CCF310166F93}.Debug|x64.Build.0 = Debug|Any CPU
		{5F618C62-7A8F-4421-989D-CCF310166F93}.Debug|x86.ActiveCfg = Debug|Any CPU
		{5F618C62-7A8F-4421-989D-CCF310166F93}.Debug|x86.Build.0 = Debug|Any CPU
		{5F618C62-7A8F-4421-989D-CCF310166F93}.Release|Any CPU.ActiveCfg = Release|Any CPU
		{5F618C62-7A8F-4421-989D-CCF310166F93}.Release|Any CPU.Build.0 = Release|Any CPU
		{5F618C62-7A8F-4421-989D-CCF310166F93}.Release|x64.ActiveCfg = Release|Any CPU
		{5F618C62-7A8F-4421-989D-CCF310166F93}.Release|x64.Build.0 = Release|Any CPU
		{5F618C62-7A8F-4421-989D-CCF310166F93}.Release|x86.ActiveCfg = Release|Any CPU
		{5F618C62-7A8F-4421-989D-CCF310166F93}.Release|x86.Build.0 = Release|Any CPU
		{22D87E99-89D2-4039-B571-A7ED822A8E4E}.Debug|Any CPU.ActiveCfg = Debug|Any CPU
		{22D87E99-89D2-4039-B571-A7ED822A8E4E}.Debug|Any CPU.Build.0 = Debug|Any CPU
		{22D87E99-89D2-4039-B571-A7ED822A8E4E}.Debug|x64.ActiveCfg = Debug|Any CPU
		{22D87E99-89D2-4039-B571-A7ED822A8E4E}.Debug|x64.Build.0 = Debug|Any CPU
		{22D87E99-89D2-4039-B571-A7ED822A8E4E}.Debug|x86.ActiveCfg = Debug|Any CPU
		{22D87E99-89D2-4039-B571-A7ED822A8E4E}.Debug|x86.Build.0 = Debug|Any CPU
		{22D87E99-89D2-4039-B571-A7ED822A8E4E}.Release|Any CPU.ActiveCfg = Release|Any CPU
		{22D87E99-89D2-4039-B571-A7ED822A8E4E}.Release|Any CPU.Build.0 = Release|Any CPU
		{22D87E99-89D2-4039-B571-A7ED822A8E4E}.Release|x64.ActiveCfg = Release|Any CPU
		{22D87E99-89D2-4039-B571-A7ED822A8E4E}.Release|x64.Build.0 = Release|Any CPU
		{22D87E99-89D2-4039-B571-A7ED822A8E4E}.Release|x86.ActiveCfg = Release|Any CPU
		{22D87E99-89D2-4039-B571-A7ED822A8E4E}.Release|x86.Build.0 = Release|Any CPU
		{C3A99822-367B-A12D-BD3E-104EBF688021}.Debug|Any CPU.ActiveCfg = Debug|Any CPU
		{C3A99822-367B-A12D-BD3E-104EBF688021}.Debug|Any CPU.Build.0 = Debug|Any CPU
		{C3A99822-367B-A12D-BD3E-104EBF688021}.Debug|x64.ActiveCfg = Debug|Any CPU
		{C3A99822-367B-A12D-BD3E-104EBF688021}.Debug|x64.Build.0 = Debug|Any CPU
		{C3A99822-367B-A12D-BD3E-104EBF688021}.Debug|x86.ActiveCfg = Debug|Any CPU
		{C3A99822-367B-A12D-BD3E-104EBF688021}.Debug|x86.Build.0 = Debug|Any CPU
		{C3A99822-367B-A12D-BD3E-104EBF688021}.Release|Any CPU.ActiveCfg = Release|Any CPU
		{C3A99822-367B-A12D-BD3E-104EBF688021}.Release|Any CPU.Build.0 = Release|Any CPU
		{C3A99822-367B-A12D-BD3E-104EBF688021}.Release|x64.ActiveCfg = Release|Any CPU
		{C3A99822-367B-A12D-BD3E-104EBF688021}.Release|x64.Build.0 = Release|Any CPU
		{C3A99822-367B-A12D-BD3E-104EBF688021}.Release|x86.ActiveCfg = Release|Any CPU
		{C3A99822-367B-A12D-BD3E-104EBF688021}.Release|x86.Build.0 = Release|Any CPU
	EndGlobalSection
	GlobalSection(SolutionProperties) = preSolution
		HideSolutionNode = FALSE
	EndGlobalSection
	GlobalSection(NestedProjects) = preSolution
		{676B9FE2-FE93-4CDF-A0A1-C2CF5E59C2D5} = {02EA681E-C7D8-13C7-8484-4AC65E1B71E8}
		{72BEFF55-1913-46E3-BB78-B19CFEE5257F} = {02EA681E-C7D8-13C7-8484-4AC65E1B71E8}
		{979C70FD-D415-44A2-95E0-137CB1F59370} = {02EA681E-C7D8-13C7-8484-4AC65E1B71E8}
		{5F618C62-7A8F-4421-989D-CCF310166F93} = {02EA681E-C7D8-13C7-8484-4AC65E1B71E8}
		{22D87E99-89D2-4039-B571-A7ED822A8E4E} = {02EA681E-C7D8-13C7-8484-4AC65E1B71E8}
		{C3A99822-367B-A12D-BD3E-104EBF688021} = {5D20AA90-6969-D8BD-9DCD-8634F4692FDA}
	EndGlobalSection
	GlobalSection(ExtensibilityGlobals) = postSolution
		SolutionGuid = {53AC5F36-9053-4D78-841A-0529F883B896}
	EndGlobalSection
EndGlobal
